
Microsoft Visual Studio Solution File, Format Version 12.00
# Visual Studio Version 17
VisualStudioVersion = 17.7.34221.43
MinimumVisualStudioVersion = 10.0.40219.1
Project("{FAE04EC0-301F-11D3-BF4B-00C04F79EFBC}") = "JuegoDrawSomthing", "JuegoDrawSomthing\JuegoDrawSomthing.csproj", "{428D78FB-8ECB-4DD5-AEF7-B8BB2847AF60}"
EndProject
Global
	GlobalSection(SolutionConfigurationPlatforms) = preSolution
		Debug|Any CPU = Debug|Any CPU
		Release|Any CPU = Release|Any CPU
	EndGlobalSection
	GlobalSection(ProjectConfigurationPlatforms) = postSolution
		{428D78FB-8ECB-4DD5-AEF7-B8BB2847AF60}.Debug|Any CPU.ActiveCfg = Debug|Any CPU
		{428D78FB-8ECB-4DD5-AEF7-B8BB2847AF60}.Debug|Any CPU.Build.0 = Debug|Any CPU
		{428D78FB-8ECB-4DD5-AEF7-B8BB2847AF60}.Release|Any CPU.ActiveCfg = Release|Any CPU
		{428D78FB-8ECB-4DD5-AEF7-B8BB2847AF60}.Release|Any CPU.Build.0 = Release|Any CPU
	EndGlobalSection
	GlobalSection(SolutionProperties) = preSolution
		HideSolutionNode = FALSE
	EndGlobalSection
	GlobalSection(ExtensibilityGlobals) = postSolution
		SolutionGuid = {F3CF9511-0F47-489B-A34A-260C7C741D60}
	EndGlobalSection
EndGlobal
